
Microsoft Visual Studio Solution File, Format Version 12.00
# Visual Studio 2013
VisualStudioVersion = 12.0.31101.0
MinimumVisualStudioVersion = 10.0.40219.1
Project("{FAE04EC0-301F-11D3-BF4B-00C04F79EFBC}") = "VisualSAIStudio", "VisualSAIStudio\VisualSAIStudio.csproj", "{7D1A9DEA-19C5-47E1-B6DC-880B47162274}"
EndProject
Project("{FAE04EC0-301F-11D3-BF4B-00C04F79EFBC}") = "SAIUpdater", "SAIUpdater\SAIUpdater.csproj", "{3905369B-638E-4C97-AD1C-ED064EEE4BD3}"
EndProject
Global
	GlobalSection(SolutionConfigurationPlatforms) = preSolution
		Debug|Any CPU = Debug|Any CPU
		Release|Any CPU = Release|Any CPU
	EndGlobalSection
	GlobalSection(ProjectConfigurationPlatforms) = postSolution
		{7D1A9DEA-19C5-47E1-B6DC-880B47162274}.Debug|Any CPU.ActiveCfg = Debug|Any CPU
		{7D1A9DEA-19C5-47E1-B6DC-880B47162274}.Debug|Any CPU.Build.0 = Debug|Any CPU
		{7D1A9DEA-19C5-47E1-B6DC-880B47162274}.Release|Any CPU.ActiveCfg = Release|Any CPU
		{7D1A9DEA-19C5-47E1-B6DC-880B47162274}.Release|Any CPU.Build.0 = Release|Any CPU
		{3905369B-638E-4C97-AD1C-ED064EEE4BD3}.Debug|Any CPU.ActiveCfg = Debug|Any CPU
		{3905369B-638E-4C97-AD1C-ED064EEE4BD3}.Debug|Any CPU.Build.0 = Debug|Any CPU
		{3905369B-638E-4C97-AD1C-ED064EEE4BD3}.Release|Any CPU.ActiveCfg = Release|Any CPU
		{3905369B-638E-4C97-AD1C-ED064EEE4BD3}.Release|Any CPU.Build.0 = Release|Any CPU
	EndGlobalSection
	GlobalSection(SolutionProperties) = preSolution
		HideSolutionNode = FALSE
	EndGlobalSection
EndGlobal
